
Microsoft Visual Studio Solution File, Format Version 12.00
# Visual Studio 15
VisualStudioVersion = 15.0.28307.168
MinimumVisualStudioVersion = 10.0.40219.1
Project("{FAE04EC0-301F-11D3-BF4B-00C04F79EFBC}") = "20181218_KeyInfoApp", "20181218_KeyInfoApp\20181218_KeyInfoApp.csproj", "{39C3235C-AF36-4AF4-87A1-4F0F7B0EB5BE}"
EndProject
Global
	GlobalSection(SolutionConfigurationPlatforms) = preSolution
		Debug|Any CPU = Debug|Any CPU
		Release|Any CPU = Release|Any CPU
	EndGlobalSection
	GlobalSection(ProjectConfigurationPlatforms) = postSolution
		{39C3235C-AF36-4AF4-87A1-4F0F7B0EB5BE}.Debug|Any CPU.ActiveCfg = Debug|Any CPU
		{39C3235C-AF36-4AF4-87A1-4F0F7B0EB5BE}.Debug|Any CPU.Build.0 = Debug|Any CPU
		{39C3235C-AF36-4AF4-87A1-4F0F7B0EB5BE}.Release|Any CPU.ActiveCfg = Release|Any CPU
		{39C3235C-AF36-4AF4-87A1-4F0F7B0EB5BE}.Release|Any CPU.Build.0 = Release|Any CPU
	EndGlobalSection
	GlobalSection(SolutionProperties) = preSolution
		HideSolutionNode = FALSE
	EndGlobalSection
	GlobalSection(ExtensibilityGlobals) = postSolution
		SolutionGuid = {ADEC391D-BDBA-4181-B57F-CE43873EBBFB}
	EndGlobalSection
EndGlobal
